
Microsoft Visual Studio Solution File, Format Version 12.00
# Visual Studio Version 17
VisualStudioVersion = 17.8.34330.188
MinimumVisualStudioVersion = 10.0.40219.1
Project("{FAE04EC0-301F-11D3-BF4B-00C04F79EFBC}") = "Domain", "Domain\Domain.csproj", "{02C9E6B3-0D9F-4480-B32E-5B68033D0F95}"
EndProject
Project("{FAE04EC0-301F-11D3-BF4B-00C04F79EFBC}") = "Application", "Application\Application.csproj", "{2C3A195F-E950-4411-87DD-ECD6DEF39004}"
EndProject
Project("{FAE04EC0-301F-11D3-BF4B-00C04F79EFBC}") = "Infrastructure", "Infrastructure\Infrastructure.csproj", "{56199933-D321-4963-8691-90887F61EF1A}"
EndProject
Project("{FAE04EC0-301F-11D3-BF4B-00C04F79EFBC}") = "Presentation", "Presentation\Presentation.csproj", "{1CB2F9D1-06E5-4C7E-86CD-0F6D26A6ADCB}"
EndProject
Project("{FAE04EC0-301F-11D3-BF4B-00C04F79EFBC}") = "Testes", "Testes\Testes.csproj", "{2391D416-4D1C-4D5B-A21A-74A67B6553E3}"
EndProject
Global
	GlobalSection(SolutionConfigurationPlatforms) = preSolution
		Debug|Any CPU = Debug|Any CPU
		Release|Any CPU = Release|Any CPU
	EndGlobalSection
	GlobalSection(ProjectConfigurationPlatforms) = postSolution
		{02C9E6B3-0D9F-4480-B32E-5B68033D0F95}.Debug|Any CPU.ActiveCfg = Debug|Any CPU
		{02C9E6B3-0D9F-4480-B32E-5B68033D0F95}.Debug|Any CPU.Build.0 = Debug|Any CPU
		{02C9E6B3-0D9F-4480-B32E-5B68033D0F95}.Release|Any CPU.ActiveCfg = Release|Any CPU
		{02C9E6B3-0D9F-4480-B32E-5B68033D0F95}.Release|Any CPU.Build.0 = Release|Any CPU
		{2C3A195F-E950-4411-87DD-ECD6DEF39004}.Debug|Any CPU.ActiveCfg = Debug|Any CPU
		{2C3A195F-E950-4411-87DD-ECD6DEF39004}.Debug|Any CPU.Build.0 = Debug|Any CPU
		{2C3A195F-E950-4411-87DD-ECD6DEF39004}.Release|Any CPU.ActiveCfg = Release|Any CPU
		{2C3A195F-E950-4411-87DD-ECD6DEF39004}.Release|Any CPU.Build.0 = Release|Any CPU
		{56199933-D321-4963-8691-90887F61EF1A}.Debug|Any CPU.ActiveCfg = Debug|Any CPU
		{56199933-D321-4963-8691-90887F61EF1A}.Debug|Any CPU.Build.0 = Debug|Any CPU
		{56199933-D321-4963-8691-90887F61EF1A}.Release|Any CPU.ActiveCfg = Release|Any CPU
		{56199933-D321-4963-8691-90887F61EF1A}.Release|Any CPU.Build.0 = Release|Any CPU
		{1CB2F9D1-06E5-4C7E-86CD-0F6D26A6ADCB}.Debug|Any CPU.ActiveCfg = Debug|Any CPU
		{1CB2F9D1-06E5-4C7E-86CD-0F6D26A6ADCB}.Debug|Any CPU.Build.0 = Debug|Any CPU
		{1CB2F9D1-06E5-4C7E-86CD-0F6D26A6ADCB}.Release|Any CPU.ActiveCfg = Release|Any CPU
		{1CB2F9D1-06E5-4C7E-86CD-0F6D26A6ADCB}.Release|Any CPU.Build.0 = Release|Any CPU
		{2391D416-4D1C-4D5B-A21A-74A67B6553E3}.Debug|Any CPU.ActiveCfg = Debug|Any CPU
		{2391D416-4D1C-4D5B-A21A-74A67B6553E3}.Debug|Any CPU.Build.0 = Debug|Any CPU
		{2391D416-4D1C-4D5B-A21A-74A67B6553E3}.Release|Any CPU.ActiveCfg = Release|Any CPU
		{2391D416-4D1C-4D5B-A21A-74A67B6553E3}.Release|Any CPU.Build.0 = Release|Any CPU
	EndGlobalSection
	GlobalSection(SolutionProperties) = preSolution
		HideSolutionNode = FALSE
	EndGlobalSection
	GlobalSection(ExtensibilityGlobals) = postSolution
		SolutionGuid = {1C4F1C34-345E-4FE2-B580-C7BA238FF5B0}
	EndGlobalSection
EndGlobal
